# This file is automatically @generated by Poetry 2.0.1 and should not be changed by hand.

[[package]]
name = "polars"
version = "1.25.2"
description = "Blazingly fast DataFrame library"
optional = false
python-versions = ">=3.9"
groups = ["main"]
files = [
    {file = "polars-1.25.2-cp39-abi3-macosx_10_12_x86_64.whl", hash = "sha256:59f2a34520ea4307a22e18b832310f8045a8a348606ca99ae785499b31eb4170"},
    {file = "polars-1.25.2-cp39-abi3-macosx_11_0_arm64.whl", hash = "sha256:e9fe45bdc2327c2e2b64e8849a992b6d3bd4a7e7848b8a7a3a439cca9674dc87"},
    {file = "polars-1.25.2-cp39-abi3-manylinux_2_17_x86_64.manylinux2014_x86_64.whl", hash = "sha256:f7fcbb4f476784384ccda48757fca4e8c2e2c5a0a3aef3717aaf56aee4e30e09"},
    {file = "polars-1.25.2-cp39-abi3-manylinux_2_24_aarch64.whl", hash = "sha256:9dd91885c9ee5ffad8725c8591f73fb7bd2632c740277ee641f0453176b3d4b8"},
    {file = "polars-1.25.2-cp39-abi3-win_amd64.whl", hash = "sha256:a547796643b9a56cb2959be87d7cb87ff80a5c8ae9367f32fe1ad717039e9afc"},
    {file = "polars-1.25.2-cp39-abi3-win_arm64.whl", hash = "sha256:a2488e9d4b67bf47b18088f7264999180559e6ec2637ed11f9d0d4f98a74a37c"},
    {file = "polars-1.25.2.tar.gz", hash = "sha256:c6bd9b1b17c86e49bcf8aac44d2238b77e414d7df890afc3924812a5c989a4fe"},
]

[package.extras]
adbc = ["adbc-driver-manager[dbapi]", "adbc-driver-sqlite[dbapi]"]
all = ["polars[async,cloudpickle,database,deltalake,excel,fsspec,graph,iceberg,numpy,pandas,plot,pyarrow,pydantic,style,timezone]"]
async = ["gevent"]
calamine = ["fastexcel (>=0.9)"]
cloudpickle = ["cloudpickle"]
connectorx = ["connectorx (>=0.3.2)"]
database = ["polars[adbc,connectorx,sqlalchemy]"]
deltalake = ["deltalake (>=0.19.0)"]
excel = ["polars[calamine,openpyxl,xlsx2csv,xlsxwriter]"]
fsspec = ["fsspec"]
gpu = ["cudf-polars-cu12"]
graph = ["matplotlib"]
iceberg = ["pyiceberg (>=0.7.1)"]
numpy = ["numpy (>=1.16.0)"]
openpyxl = ["openpyxl (>=3.0.0)"]
pandas = ["pandas", "polars[pyarrow]"]
plot = ["altair (>=5.4.0)"]
polars-cloud = ["polars-cloud (>=0.0.1a1)"]
pyarrow = ["pyarrow (>=7.0.0)"]
pydantic = ["pydantic"]
sqlalchemy = ["polars[pandas]", "sqlalchemy"]
style = ["great-tables (>=0.8.0)"]
timezone = ["tzdata"]
xlsx2csv = ["xlsx2csv (>=0.8.0)"]
xlsxwriter = ["xlsxwriter"]

[metadata]
lock-version = "2.1"
python-versions = ">=3.13"
content-hash = "83d42b5a4c922b7b8da79e667be8f0fc85d4015e076a293b65d294a09272ac8b"
